
Microsoft Visual Studio Solution File, Format Version 12.00
# Visual Studio 15
VisualStudioVersion = 15.0.27703.2042
MinimumVisualStudioVersion = 10.0.40219.1
Project("{9A19103F-16F7-4668-BE54-9A1E7A4F7556}") = "Task1-Template", "Task1-Template.csproj", "{C45EE7B9-4091-4AD2-A86D-EF11E0BF4D0A}"
EndProject
Global
	GlobalSection(SolutionConfigurationPlatforms) = preSolution
		Debug|Any CPU = Debug|Any CPU
		Release|Any CPU = Release|Any CPU
	EndGlobalSection
	GlobalSection(ProjectConfigurationPlatforms) = postSolution
		{C45EE7B9-4091-4AD2-A86D-EF11E0BF4D0A}.Debug|Any CPU.ActiveCfg = Debug|Any CPU
		{C45EE7B9-4091-4AD2-A86D-EF11E0BF4D0A}.Debug|Any CPU.Build.0 = Debug|Any CPU
		{C45EE7B9-4091-4AD2-A86D-EF11E0BF4D0A}.Release|Any CPU.ActiveCfg = Release|Any CPU
		{C45EE7B9-4091-4AD2-A86D-EF11E0BF4D0A}.Release|Any CPU.Build.0 = Release|Any CPU
	EndGlobalSection
	GlobalSection(SolutionProperties) = preSolution
		HideSolutionNode = FALSE
	EndGlobalSection
	GlobalSection(ExtensibilityGlobals) = postSolution
		SolutionGuid = {17060813-12E9-43CB-ACED-014DA3F3D4A3}
	EndGlobalSection
EndGlobal
