
Microsoft Visual Studio Solution File, Format Version 12.00
# Visual Studio 15
VisualStudioVersion = 15.0.28307.106
MinimumVisualStudioVersion = 10.0.40219.1
Project("{9A19103F-16F7-4668-BE54-9A1E7A4F7556}") = "Task1-Template", "Task1-Template.csproj", "{6FD93158-EE14-4456-99BC-FA5A5528248E}"
EndProject
Global
	GlobalSection(SolutionConfigurationPlatforms) = preSolution
		Debug|Any CPU = Debug|Any CPU
		Release|Any CPU = Release|Any CPU
	EndGlobalSection
	GlobalSection(ProjectConfigurationPlatforms) = postSolution
		{6FD93158-EE14-4456-99BC-FA5A5528248E}.Debug|Any CPU.ActiveCfg = Debug|Any CPU
		{6FD93158-EE14-4456-99BC-FA5A5528248E}.Debug|Any CPU.Build.0 = Debug|Any CPU
		{6FD93158-EE14-4456-99BC-FA5A5528248E}.Release|Any CPU.ActiveCfg = Release|Any CPU
		{6FD93158-EE14-4456-99BC-FA5A5528248E}.Release|Any CPU.Build.0 = Release|Any CPU
	EndGlobalSection
	GlobalSection(SolutionProperties) = preSolution
		HideSolutionNode = FALSE
	EndGlobalSection
	GlobalSection(ExtensibilityGlobals) = postSolution
		SolutionGuid = {0C9FC6E0-9FEB-471E-932B-94470C8C6291}
	EndGlobalSection
EndGlobal
