
Microsoft Visual Studio Solution File, Format Version 12.00
# Visual Studio 15
VisualStudioVersion = 15.0.27703.2042
MinimumVisualStudioVersion = 10.0.40219.1
Project("{9A19103F-16F7-4668-BE54-9A1E7A4F7556}") = "Task1", "Task1.csproj", "{1900FEEF-A4E3-4B4A-89EA-39BEBBE2971B}"
EndProject
Global
	GlobalSection(SolutionConfigurationPlatforms) = preSolution
		Debug|Any CPU = Debug|Any CPU
		Release|Any CPU = Release|Any CPU
	EndGlobalSection
	GlobalSection(ProjectConfigurationPlatforms) = postSolution
		{1900FEEF-A4E3-4B4A-89EA-39BEBBE2971B}.Debug|Any CPU.ActiveCfg = Debug|Any CPU
		{1900FEEF-A4E3-4B4A-89EA-39BEBBE2971B}.Debug|Any CPU.Build.0 = Debug|Any CPU
		{1900FEEF-A4E3-4B4A-89EA-39BEBBE2971B}.Release|Any CPU.ActiveCfg = Release|Any CPU
		{1900FEEF-A4E3-4B4A-89EA-39BEBBE2971B}.Release|Any CPU.Build.0 = Release|Any CPU
	EndGlobalSection
	GlobalSection(SolutionProperties) = preSolution
		HideSolutionNode = FALSE
	EndGlobalSection
	GlobalSection(ExtensibilityGlobals) = postSolution
		SolutionGuid = {EF14F18A-9D38-4A4D-A8A1-DDC89C26FD3C}
	EndGlobalSection
EndGlobal
