
Microsoft Visual Studio Solution File, Format Version 12.00
# Visual Studio 15
VisualStudioVersion = 15.0.28307.106
MinimumVisualStudioVersion = 10.0.40219.1
Project("{9A19103F-16F7-4668-BE54-9A1E7A4F7556}") = "Task3-Template", "Task3-Template.csproj", "{9368430D-7C36-440B-8E00-C6044A54264C}"
EndProject
Global
	GlobalSection(SolutionConfigurationPlatforms) = preSolution
		Debug|Any CPU = Debug|Any CPU
		Release|Any CPU = Release|Any CPU
	EndGlobalSection
	GlobalSection(ProjectConfigurationPlatforms) = postSolution
		{9368430D-7C36-440B-8E00-C6044A54264C}.Debug|Any CPU.ActiveCfg = Debug|Any CPU
		{9368430D-7C36-440B-8E00-C6044A54264C}.Debug|Any CPU.Build.0 = Debug|Any CPU
		{9368430D-7C36-440B-8E00-C6044A54264C}.Release|Any CPU.ActiveCfg = Release|Any CPU
		{9368430D-7C36-440B-8E00-C6044A54264C}.Release|Any CPU.Build.0 = Release|Any CPU
	EndGlobalSection
	GlobalSection(SolutionProperties) = preSolution
		HideSolutionNode = FALSE
	EndGlobalSection
	GlobalSection(ExtensibilityGlobals) = postSolution
		SolutionGuid = {639E51C9-79F2-47D5-B861-4C8520963933}
	EndGlobalSection
EndGlobal
